{
  "name": "miniprogram",
  "version": "1.0.0",
  "lockfileVersion": 1,
  "requires": true,
  "dependencies": {
    "cnchar": {
      "version": "2.0.9",
      "resolved": "https://registry.npmjs.org/cnchar/-/cnchar-2.0.9.tgz",
      "integrity": "sha512-XvlA3Aw8aKa0aE5N8pPynj3qRcsDinHE5VwuvczRGIqw/ikLhSh/lWsP5rmH2bGIO8K/aloyuhlErW6MU+bf/A=="
    },
    "cnchar-trad": {
      "version": "2.0.9",
      "resolved": "https://registry.npmjs.org/cnchar-trad/-/cnchar-trad-2.0.9.tgz",
      "integrity": "sha512-sPYI33jHsFaAvDIkECRUQG4wF5Fy68i9C+Aqa7vykoNOTRs03XMyyEExhfIeGZn5ClZB+JGPzgbRg0q4y1+h7g=="
    },
    "simplebig": {
      "version": "0.0.3",
      "resolved": "https://registry.npmjs.org/simplebig/-/simplebig-0.0.3.tgz",
      "integrity": "sha1-F5uwaURrY1YNthfSdOuqKOFcOq4="
    }
  }
}
